
Microsoft Visual Studio Solution File, Format Version 12.00
# Visual Studio Version 16
VisualStudioVersion = 16.0.32602.291
MinimumVisualStudioVersion = 10.0.40219.1
Project("{FAE04EC0-301F-11D3-BF4B-00C04F79EFBC}") = "Test-Jenkins", "Test-Jenkins\Test-Jenkins.csproj", "{E272A81A-D679-496F-BCC8-13E8FC824C29}"
EndProject
Global
	GlobalSection(SolutionConfigurationPlatforms) = preSolution
		Debug|Any CPU = Debug|Any CPU
		Release|Any CPU = Release|Any CPU
	EndGlobalSection
	GlobalSection(ProjectConfigurationPlatforms) = postSolution
		{E272A81A-D679-496F-BCC8-13E8FC824C29}.Debug|Any CPU.ActiveCfg = Debug|Any CPU
		{E272A81A-D679-496F-BCC8-13E8FC824C29}.Debug|Any CPU.Build.0 = Debug|Any CPU
		{E272A81A-D679-496F-BCC8-13E8FC824C29}.Release|Any CPU.ActiveCfg = Release|Any CPU
		{E272A81A-D679-496F-BCC8-13E8FC824C29}.Release|Any CPU.Build.0 = Release|Any CPU
	EndGlobalSection
	GlobalSection(SolutionProperties) = preSolution
		HideSolutionNode = FALSE
	EndGlobalSection
	GlobalSection(ExtensibilityGlobals) = postSolution
		SolutionGuid = {AC9C5072-8AF6-4707-9BF8-31D0DEFBF3E2}
	EndGlobalSection
EndGlobal
